# This file is automatically @generated by Cargo.
# It is not intended for manual editing.
version = 3

[[package]]
name = "byte-sized-chunks"
version = "0.1.0"

[[package]]
name = "how-long-is-a-string"
version = "0.1.0"

[[package]]
name = "non-standard-input"
version = "0.1.0"

[[package]]
name = "please-reboot-the-universe"
version = "0.1.0"

[[package]]
name = "there-and-back-again"
version = "0.1.0"

[[package]]
name = "three-and-a-bit"
version = "0.1.0"

[[package]]
name = "type-conversion"
version = "0.1.0"

[[package]]
name = "walks-like-a-duck"
version = "0.1.0"
